{
  "originHash" : "c207d5a864caf39d152210c6785886eb2650aa5614a0ebb8bdf914613e476697",
  "pins" : [
    {
      "identity" : "snapkit",
      "kind" : "remoteSourceControl",
      "location" : "https://github.com/SnapKit/SnapKit.git",
      "state" : {
        "revision" : "2842e6e84e82eb9a8dac0100ca90d9444b0307f4",
        "version" : "5.7.1"
      }
    },
    {
      "identity" : "swiftlynetflex",
      "kind" : "remoteSourceControl",
      "location" : "https://github.com/namazii/SwiftlyNetFlex",
      "state" : {
        "revision" : "b427756ec38099e1ed77d8f81e6248a8d055ba44",
        "version" : "1.0.0"
      }
    }
  ],
  "version" : 3
}
